
Microsoft Visual Studio Solution File, Format Version 12.00
# Visual Studio 15
VisualStudioVersion = 15.0.28307.438
MinimumVisualStudioVersion = 10.0.40219.1
Project("{FAE04EC0-301F-11D3-BF4B-00C04F79EFBC}") = "RC.Console", "RC.Console\RC.Console.csproj", "{1FE79E8F-C485-4DE3-93FF-E40697C1EB63}"
EndProject
Global
	GlobalSection(SolutionConfigurationPlatforms) = preSolution
		Debug|Any CPU = Debug|Any CPU
		Release|Any CPU = Release|Any CPU
	EndGlobalSection
	GlobalSection(ProjectConfigurationPlatforms) = postSolution
		{1FE79E8F-C485-4DE3-93FF-E40697C1EB63}.Debug|Any CPU.ActiveCfg = Debug|Any CPU
		{1FE79E8F-C485-4DE3-93FF-E40697C1EB63}.Debug|Any CPU.Build.0 = Debug|Any CPU
		{1FE79E8F-C485-4DE3-93FF-E40697C1EB63}.Release|Any CPU.ActiveCfg = Release|Any CPU
		{1FE79E8F-C485-4DE3-93FF-E40697C1EB63}.Release|Any CPU.Build.0 = Release|Any CPU
	EndGlobalSection
	GlobalSection(SolutionProperties) = preSolution
		HideSolutionNode = FALSE
	EndGlobalSection
	GlobalSection(ExtensibilityGlobals) = postSolution
		SolutionGuid = {AAD5E595-4CF0-4ED2-A60F-7328192A32B4}
	EndGlobalSection
EndGlobal
