
Microsoft Visual Studio Solution File, Format Version 12.00
# Visual Studio Version 16
VisualStudioVersion = 16.0.29009.5
MinimumVisualStudioVersion = 10.0.40219.1
Project("{FAE04EC0-301F-11D3-BF4B-00C04F79EFBC}") = "RC.Console", "RC.Console\RC.Console.csproj", "{1FE79E8F-C485-4DE3-93FF-E40697C1EB63}"
EndProject
Project("{9A19103F-16F7-4668-BE54-9A1E7A4F7556}") = "RC.Logic", "RC.Logic\RC.Logic.csproj", "{EEA98861-FD91-4846-9F20-F1C7845DA8A9}"
EndProject
Project("{9A19103F-16F7-4668-BE54-9A1E7A4F7556}") = "RC.Common", "RC.Common\RC.Common.csproj", "{F528AFCD-08EE-4C85-B805-3297F0B960B9}"
EndProject
Project("{00D1A9C2-B5F0-4AF3-8072-F6C62B433612}") = "Whatever", "Whatever\Whatever.sqlproj", "{3C1C291B-8C80-4438-A6D7-4BAECAE840A8}"
EndProject
Global
	GlobalSection(SolutionConfigurationPlatforms) = preSolution
		Debug|Any CPU = Debug|Any CPU
		Debug|x64 = Debug|x64
		Release|Any CPU = Release|Any CPU
		Release|x64 = Release|x64
	EndGlobalSection
	GlobalSection(ProjectConfigurationPlatforms) = postSolution
		{1FE79E8F-C485-4DE3-93FF-E40697C1EB63}.Debug|Any CPU.ActiveCfg = Debug|Any CPU
		{1FE79E8F-C485-4DE3-93FF-E40697C1EB63}.Debug|Any CPU.Build.0 = Debug|Any CPU
		{1FE79E8F-C485-4DE3-93FF-E40697C1EB63}.Debug|x64.ActiveCfg = Debug|Any CPU
		{1FE79E8F-C485-4DE3-93FF-E40697C1EB63}.Debug|x64.Build.0 = Debug|Any CPU
		{1FE79E8F-C485-4DE3-93FF-E40697C1EB63}.Release|Any CPU.ActiveCfg = Release|Any CPU
		{1FE79E8F-C485-4DE3-93FF-E40697C1EB63}.Release|Any CPU.Build.0 = Release|Any CPU
		{1FE79E8F-C485-4DE3-93FF-E40697C1EB63}.Release|x64.ActiveCfg = Release|x64
		{1FE79E8F-C485-4DE3-93FF-E40697C1EB63}.Release|x64.Build.0 = Release|x64
		{EEA98861-FD91-4846-9F20-F1C7845DA8A9}.Debug|Any CPU.ActiveCfg = Debug|Any CPU
		{EEA98861-FD91-4846-9F20-F1C7845DA8A9}.Debug|Any CPU.Build.0 = Debug|Any CPU
		{EEA98861-FD91-4846-9F20-F1C7845DA8A9}.Debug|x64.ActiveCfg = Debug|Any CPU
		{EEA98861-FD91-4846-9F20-F1C7845DA8A9}.Debug|x64.Build.0 = Debug|Any CPU
		{EEA98861-FD91-4846-9F20-F1C7845DA8A9}.Release|Any CPU.ActiveCfg = Release|Any CPU
		{EEA98861-FD91-4846-9F20-F1C7845DA8A9}.Release|Any CPU.Build.0 = Release|Any CPU
		{EEA98861-FD91-4846-9F20-F1C7845DA8A9}.Release|x64.ActiveCfg = Release|Any CPU
		{EEA98861-FD91-4846-9F20-F1C7845DA8A9}.Release|x64.Build.0 = Release|Any CPU
		{F528AFCD-08EE-4C85-B805-3297F0B960B9}.Debug|Any CPU.ActiveCfg = Debug|Any CPU
		{F528AFCD-08EE-4C85-B805-3297F0B960B9}.Debug|Any CPU.Build.0 = Debug|Any CPU
		{F528AFCD-08EE-4C85-B805-3297F0B960B9}.Debug|x64.ActiveCfg = Debug|Any CPU
		{F528AFCD-08EE-4C85-B805-3297F0B960B9}.Debug|x64.Build.0 = Debug|Any CPU
		{F528AFCD-08EE-4C85-B805-3297F0B960B9}.Release|Any CPU.ActiveCfg = Release|Any CPU
		{F528AFCD-08EE-4C85-B805-3297F0B960B9}.Release|Any CPU.Build.0 = Release|Any CPU
		{F528AFCD-08EE-4C85-B805-3297F0B960B9}.Release|x64.ActiveCfg = Release|Any CPU
		{F528AFCD-08EE-4C85-B805-3297F0B960B9}.Release|x64.Build.0 = Release|Any CPU
		{3C1C291B-8C80-4438-A6D7-4BAECAE840A8}.Debug|Any CPU.ActiveCfg = Debug|Any CPU
		{3C1C291B-8C80-4438-A6D7-4BAECAE840A8}.Debug|Any CPU.Build.0 = Debug|Any CPU
		{3C1C291B-8C80-4438-A6D7-4BAECAE840A8}.Debug|Any CPU.Deploy.0 = Debug|Any CPU
		{3C1C291B-8C80-4438-A6D7-4BAECAE840A8}.Debug|x64.ActiveCfg = Debug|Any CPU
		{3C1C291B-8C80-4438-A6D7-4BAECAE840A8}.Debug|x64.Build.0 = Debug|Any CPU
		{3C1C291B-8C80-4438-A6D7-4BAECAE840A8}.Debug|x64.Deploy.0 = Debug|Any CPU
		{3C1C291B-8C80-4438-A6D7-4BAECAE840A8}.Release|Any CPU.ActiveCfg = Release|Any CPU
		{3C1C291B-8C80-4438-A6D7-4BAECAE840A8}.Release|Any CPU.Build.0 = Release|Any CPU
		{3C1C291B-8C80-4438-A6D7-4BAECAE840A8}.Release|Any CPU.Deploy.0 = Release|Any CPU
		{3C1C291B-8C80-4438-A6D7-4BAECAE840A8}.Release|x64.ActiveCfg = Release|Any CPU
		{3C1C291B-8C80-4438-A6D7-4BAECAE840A8}.Release|x64.Build.0 = Release|Any CPU
		{3C1C291B-8C80-4438-A6D7-4BAECAE840A8}.Release|x64.Deploy.0 = Release|Any CPU
	EndGlobalSection
	GlobalSection(SolutionProperties) = preSolution
		HideSolutionNode = FALSE
	EndGlobalSection
	GlobalSection(ExtensibilityGlobals) = postSolution
		SolutionGuid = {AAD5E595-4CF0-4ED2-A60F-7328192A32B4}
	EndGlobalSection
EndGlobal
